
Microsoft Visual Studio Solution File, Format Version 12.00
# Visual Studio Version 17
VisualStudioVersion = 17.14.36127.28 d17.14
MinimumVisualStudioVersion = 10.0.40219.1
Project("{FAE04EC0-301F-11D3-BF4B-00C04F79EFBC}") = "ShriramInsight", "ShriramInsight\ShriramInsight.csproj", "{64CB626F-92E4-4603-A7E6-BC3B19DEA43E}"
EndProject
Global
	GlobalSection(SolutionConfigurationPlatforms) = preSolution
		Debug|Any CPU = Debug|Any CPU
		Release|Any CPU = Release|Any CPU
	EndGlobalSection
	GlobalSection(ProjectConfigurationPlatforms) = postSolution
		{64CB626F-92E4-4603-A7E6-BC3B19DEA43E}.Debug|Any CPU.ActiveCfg = Debug|Any CPU
		{64CB626F-92E4-4603-A7E6-BC3B19DEA43E}.Debug|Any CPU.Build.0 = Debug|Any CPU
		{64CB626F-92E4-4603-A7E6-BC3B19DEA43E}.Release|Any CPU.ActiveCfg = Release|Any CPU
		{64CB626F-92E4-4603-A7E6-BC3B19DEA43E}.Release|Any CPU.Build.0 = Release|Any CPU
	EndGlobalSection
	GlobalSection(SolutionProperties) = preSolution
		HideSolutionNode = FALSE
	EndGlobalSection
	GlobalSection(ExtensibilityGlobals) = postSolution
		SolutionGuid = {2A239749-8961-4129-8E22-F9BA60F36FCC}
	EndGlobalSection
EndGlobal
